{
  "version": 4,
  "terraform_version": "1.5.5",
  "serial": 1,
  "lineage": "b4574591-e909-d12d-6f88-46a33fbb59a0",
  "outputs": {},
  "resources": [
    {
      "mode": "managed",
      "type": "github_repository",
      "name": "create-repository-example",
      "provider": "provider[\"registry.terraform.io/integrations/github\"]",
      "instances": [
        {
          "schema_version": 1,
          "attributes": {
            "allow_auto_merge": false,
            "allow_merge_commit": true,
            "allow_rebase_merge": true,
            "allow_squash_merge": true,
            "allow_update_branch": false,
            "archive_on_destroy": null,
            "archived": false,
            "auto_init": null,
            "default_branch": "main",
            "delete_branch_on_merge": false,
            "description": "That repository was created by execute Terraform",
            "etag": "W/\"9cfd13f973decefe5d453d14879c4de45371e257f232ec7b0f188a5778d98d01\"",
            "full_name": "daniel1rosso/example-create-by-terraform",
            "git_clone_url": "git://github.com/daniel1rosso/example-create-by-terraform.git",
            "gitignore_template": null,
            "has_discussions": false,
            "has_downloads": false,
            "has_issues": false,
            "has_projects": false,
            "has_wiki": false,
            "homepage_url": "",
            "html_url": "https://github.com/daniel1rosso/example-create-by-terraform",
            "http_clone_url": "https://github.com/daniel1rosso/example-create-by-terraform.git",
            "id": "example-create-by-terraform",
            "ignore_vulnerability_alerts_during_read": null,
            "is_template": false,
            "license_template": null,
            "merge_commit_message": "PR_TITLE",
            "merge_commit_title": "MERGE_MESSAGE",
            "name": "example-create-by-terraform",
            "node_id": "R_kgDOKFzs5w",
            "pages": [],
            "private": false,
            "repo_id": 677178599,
            "security_and_analysis": [
              {
                "advanced_security": [],
                "secret_scanning": [
                  {
                    "status": "disabled"
                  }
                ],
                "secret_scanning_push_protection": [
                  {
                    "status": "disabled"
                  }
                ]
              }
            ],
            "squash_merge_commit_message": "COMMIT_MESSAGES",
            "squash_merge_commit_title": "COMMIT_OR_PR_TITLE",
            "ssh_clone_url": "git@github.com:daniel1rosso/example-create-by-terraform.git",
            "svn_url": "https://github.com/daniel1rosso/example-create-by-terraform",
            "template": [],
            "topics": null,
            "visibility": "public",
            "vulnerability_alerts": false
          },
          "sensitive_attributes": [],
          "private": "eyJzY2hlbWFfdmVyc2lvbiI6IjEifQ=="
        }
      ]
    }
  ],
  "check_results": null
}
